
Microsoft Visual Studio Solution File, Format Version 12.00
# Visual Studio Version 17
VisualStudioVersion = 17.3.32929.385
MinimumVisualStudioVersion = 10.0.40219.1
Project("{FAE04EC0-301F-11D3-BF4B-00C04F79EFBC}") = "HomeWizardTray", "HomeWizardTray\HomeWizardTray.csproj", "{598DBFEA-CB4E-48D7-A7E2-17307D023E1C}"
EndProject
Global
	GlobalSection(SolutionConfigurationPlatforms) = preSolution
		Debug|Any CPU = Debug|Any CPU
		Release|Any CPU = Release|Any CPU
	EndGlobalSection
	GlobalSection(ProjectConfigurationPlatforms) = postSolution
		{598DBFEA-CB4E-48D7-A7E2-17307D023E1C}.Debug|Any CPU.ActiveCfg = Debug|Any CPU
		{598DBFEA-CB4E-48D7-A7E2-17307D023E1C}.Debug|Any CPU.Build.0 = Debug|Any CPU
		{598DBFEA-CB4E-48D7-A7E2-17307D023E1C}.Release|Any CPU.ActiveCfg = Release|Any CPU
		{598DBFEA-CB4E-48D7-A7E2-17307D023E1C}.Release|Any CPU.Build.0 = Release|Any CPU
	EndGlobalSection
	GlobalSection(SolutionProperties) = preSolution
		HideSolutionNode = FALSE
	EndGlobalSection
	GlobalSection(ExtensibilityGlobals) = postSolution
		SolutionGuid = {FAA266EC-8E3A-46A7-A7D6-2DBB814088F4}
	EndGlobalSection
EndGlobal
